
Microsoft Visual Studio Solution File, Format Version 12.00
# Visual Studio Version 17
VisualStudioVersion = 17.8.34322.80
MinimumVisualStudioVersion = 10.0.40219.1
Project("{2150E333-8FDC-42A3-9474-1A3956D46DE8}") = "doc", "doc", "{F45CE7D1-86FD-4810-BEEC-82A55416BBA1}"
EndProject
Project("{2150E333-8FDC-42A3-9474-1A3956D46DE8}") = "src", "src", "{D1F68500-2AC9-4397-BD23-7CE4656F87FD}"
EndProject
Project("{2150E333-8FDC-42A3-9474-1A3956D46DE8}") = "test", "test", "{DDD61FEE-BFA7-4774-B5F4-C00A054E1114}"
EndProject
Project("{FAE04EC0-301F-11D3-BF4B-00C04F79EFBC}") = "Application", "Application\Application.csproj", "{591CBC54-770C-4D29-A930-12877150706F}"
EndProject
Project("{FAE04EC0-301F-11D3-BF4B-00C04F79EFBC}") = "Domain", "Domain\Domain.csproj", "{0E134B81-58B3-4C22-811A-34FD6FDAFE57}"
EndProject
Project("{FAE04EC0-301F-11D3-BF4B-00C04F79EFBC}") = "Infrastructure", "Infrastructure\Infrastructure.csproj", "{44A599D4-7F62-483A-8C3B-5BA94BC78FCC}"
EndProject
Project("{FAE04EC0-301F-11D3-BF4B-00C04F79EFBC}") = "WebApi", "WebApi\WebApi.csproj", "{48990998-CD0D-4391-841B-A4E2FB098EB9}"
EndProject
Global
	GlobalSection(SolutionConfigurationPlatforms) = preSolution
		Debug|Any CPU = Debug|Any CPU
		Release|Any CPU = Release|Any CPU
	EndGlobalSection
	GlobalSection(ProjectConfigurationPlatforms) = postSolution
		{591CBC54-770C-4D29-A930-12877150706F}.Debug|Any CPU.ActiveCfg = Debug|Any CPU
		{591CBC54-770C-4D29-A930-12877150706F}.Debug|Any CPU.Build.0 = Debug|Any CPU
		{591CBC54-770C-4D29-A930-12877150706F}.Release|Any CPU.ActiveCfg = Release|Any CPU
		{591CBC54-770C-4D29-A930-12877150706F}.Release|Any CPU.Build.0 = Release|Any CPU
		{0E134B81-58B3-4C22-811A-34FD6FDAFE57}.Debug|Any CPU.ActiveCfg = Debug|Any CPU
		{0E134B81-58B3-4C22-811A-34FD6FDAFE57}.Debug|Any CPU.Build.0 = Debug|Any CPU
		{0E134B81-58B3-4C22-811A-34FD6FDAFE57}.Release|Any CPU.ActiveCfg = Release|Any CPU
		{0E134B81-58B3-4C22-811A-34FD6FDAFE57}.Release|Any CPU.Build.0 = Release|Any CPU
		{44A599D4-7F62-483A-8C3B-5BA94BC78FCC}.Debug|Any CPU.ActiveCfg = Debug|Any CPU
		{44A599D4-7F62-483A-8C3B-5BA94BC78FCC}.Debug|Any CPU.Build.0 = Debug|Any CPU
		{44A599D4-7F62-483A-8C3B-5BA94BC78FCC}.Release|Any CPU.ActiveCfg = Release|Any CPU
		{44A599D4-7F62-483A-8C3B-5BA94BC78FCC}.Release|Any CPU.Build.0 = Release|Any CPU
		{48990998-CD0D-4391-841B-A4E2FB098EB9}.Debug|Any CPU.ActiveCfg = Debug|Any CPU
		{48990998-CD0D-4391-841B-A4E2FB098EB9}.Debug|Any CPU.Build.0 = Debug|Any CPU
		{48990998-CD0D-4391-841B-A4E2FB098EB9}.Release|Any CPU.ActiveCfg = Release|Any CPU
		{48990998-CD0D-4391-841B-A4E2FB098EB9}.Release|Any CPU.Build.0 = Release|Any CPU
	EndGlobalSection
	GlobalSection(SolutionProperties) = preSolution
		HideSolutionNode = FALSE
	EndGlobalSection
	GlobalSection(NestedProjects) = preSolution
		{591CBC54-770C-4D29-A930-12877150706F} = {D1F68500-2AC9-4397-BD23-7CE4656F87FD}
		{0E134B81-58B3-4C22-811A-34FD6FDAFE57} = {D1F68500-2AC9-4397-BD23-7CE4656F87FD}
		{44A599D4-7F62-483A-8C3B-5BA94BC78FCC} = {D1F68500-2AC9-4397-BD23-7CE4656F87FD}
		{48990998-CD0D-4391-841B-A4E2FB098EB9} = {D1F68500-2AC9-4397-BD23-7CE4656F87FD}
	EndGlobalSection
	GlobalSection(ExtensibilityGlobals) = postSolution
		SolutionGuid = {995CBC0B-F052-44E1-A616-94A4B25B2673}
	EndGlobalSection
EndGlobal
